
Microsoft Visual Studio Solution File, Format Version 12.00
# Visual Studio 15
VisualStudioVersion = 15.0.28010.2026
MinimumVisualStudioVersion = 10.0.40219.1
Project("{FAE04EC0-301F-11D3-BF4B-00C04F79EFBC}") = "GlazerCalcUWP", "GlazerCalcUWP\GlazerCalcUWP.csproj", "{835B3233-0F80-48BF-97A5-1EF5D60C0502}"
EndProject
Global
	GlobalSection(SolutionConfigurationPlatforms) = preSolution
		Debug|ARM = Debug|ARM
		Debug|x64 = Debug|x64
		Debug|x86 = Debug|x86
		Release|ARM = Release|ARM
		Release|x64 = Release|x64
		Release|x86 = Release|x86
	EndGlobalSection
	GlobalSection(ProjectConfigurationPlatforms) = postSolution
		{835B3233-0F80-48BF-97A5-1EF5D60C0502}.Debug|ARM.ActiveCfg = Debug|ARM
		{835B3233-0F80-48BF-97A5-1EF5D60C0502}.Debug|ARM.Build.0 = Debug|ARM
		{835B3233-0F80-48BF-97A5-1EF5D60C0502}.Debug|ARM.Deploy.0 = Debug|ARM
		{835B3233-0F80-48BF-97A5-1EF5D60C0502}.Debug|x64.ActiveCfg = Debug|x64
		{835B3233-0F80-48BF-97A5-1EF5D60C0502}.Debug|x64.Build.0 = Debug|x64
		{835B3233-0F80-48BF-97A5-1EF5D60C0502}.Debug|x64.Deploy.0 = Debug|x64
		{835B3233-0F80-48BF-97A5-1EF5D60C0502}.Debug|x86.ActiveCfg = Debug|x86
		{835B3233-0F80-48BF-97A5-1EF5D60C0502}.Debug|x86.Build.0 = Debug|x86
		{835B3233-0F80-48BF-97A5-1EF5D60C0502}.Debug|x86.Deploy.0 = Debug|x86
		{835B3233-0F80-48BF-97A5-1EF5D60C0502}.Release|ARM.ActiveCfg = Release|ARM
		{835B3233-0F80-48BF-97A5-1EF5D60C0502}.Release|ARM.Build.0 = Release|ARM
		{835B3233-0F80-48BF-97A5-1EF5D60C0502}.Release|ARM.Deploy.0 = Release|ARM
		{835B3233-0F80-48BF-97A5-1EF5D60C0502}.Release|x64.ActiveCfg = Release|x64
		{835B3233-0F80-48BF-97A5-1EF5D60C0502}.Release|x64.Build.0 = Release|x64
		{835B3233-0F80-48BF-97A5-1EF5D60C0502}.Release|x64.Deploy.0 = Release|x64
		{835B3233-0F80-48BF-97A5-1EF5D60C0502}.Release|x86.ActiveCfg = Release|x86
		{835B3233-0F80-48BF-97A5-1EF5D60C0502}.Release|x86.Build.0 = Release|x86
		{835B3233-0F80-48BF-97A5-1EF5D60C0502}.Release|x86.Deploy.0 = Release|x86
	EndGlobalSection
	GlobalSection(SolutionProperties) = preSolution
		HideSolutionNode = FALSE
	EndGlobalSection
	GlobalSection(ExtensibilityGlobals) = postSolution
		SolutionGuid = {8EB75F7A-F2A0-4902-AFC6-6856AAE289CF}
	EndGlobalSection
EndGlobal
